
Microsoft Visual Studio Solution File, Format Version 12.00
# Visual Studio 15
VisualStudioVersion = 15.0.27130.2010
MinimumVisualStudioVersion = 10.0.40219.1
Project("{8BC9CEB8-8B4A-11D0-8D11-00A0C91BC942}") = "Mud", "Mud.vcxproj", "{E6E95C67-1278-49D7-8F6C-A6FAAA8022BB}"
EndProject
Global
	GlobalSection(SolutionConfigurationPlatforms) = preSolution
		Debug|x64 = Debug|x64
		Debug|x86 = Debug|x86
		Release|x64 = Release|x64
		Release|x86 = Release|x86
	EndGlobalSection
	GlobalSection(ProjectConfigurationPlatforms) = postSolution
		{E6E95C67-1278-49D7-8F6C-A6FAAA8022BB}.Debug|x64.ActiveCfg = Debug|x64
		{E6E95C67-1278-49D7-8F6C-A6FAAA8022BB}.Debug|x64.Build.0 = Debug|x64
		{E6E95C67-1278-49D7-8F6C-A6FAAA8022BB}.Debug|x86.ActiveCfg = Debug|Win32
		{E6E95C67-1278-49D7-8F6C-A6FAAA8022BB}.Debug|x86.Build.0 = Debug|Win32
		{E6E95C67-1278-49D7-8F6C-A6FAAA8022BB}.Release|x64.ActiveCfg = Release|x64
		{E6E95C67-1278-49D7-8F6C-A6FAAA8022BB}.Release|x64.Build.0 = Release|x64
		{E6E95C67-1278-49D7-8F6C-A6FAAA8022BB}.Release|x86.ActiveCfg = Release|Win32
		{E6E95C67-1278-49D7-8F6C-A6FAAA8022BB}.Release|x86.Build.0 = Release|Win32
	EndGlobalSection
	GlobalSection(SolutionProperties) = preSolution
		HideSolutionNode = FALSE
	EndGlobalSection
	GlobalSection(ExtensibilityGlobals) = postSolution
		SolutionGuid = {87ABF547-5252-4180-BA22-8D2ABF43FEF1}
	EndGlobalSection
EndGlobal
