<?xml version="1.0" encoding="utf-8"?>
<Project ToolsVersion="4.0" xmlns="http://schemas.microsoft.com/developer/msbuild/2003">
  <ItemGroup>
    <Filter Include="Source Files">
      <UniqueIdentifier>{4FC737F1-C7A5-4376-A066-2A32D752A2FF}</UniqueIdentifier>
      <Extensions>cpp;c;cc;cxx;def;odl;idl;hpj;bat;asm;asmx</Extensions>
    </Filter>
    <Filter Include="Header Files">
      <UniqueIdentifier>{93995380-89BD-4b04-88EB-625FBE52EBFB}</UniqueIdentifier>
      <Extensions>h;hh;hpp;hxx;hm;inl;inc;xsd</Extensions>
    </Filter>
    <Filter Include="Resource Files">
      <UniqueIdentifier>{67DA6AB6-F800-4c08-8B7A-83BB121AAD01}</UniqueIdentifier>
      <Extensions>rc;ico;cur;bmp;dlg;rc2;rct;bin;rgs;gif;jpg;jpeg;jpe;resx;tiff;tif;png;wav;mfcribbon-ms</Extensions>
    </Filter>
  </ItemGroup>
  <ItemGroup>
    <ClInclude Include="stdafx.h">
      <Filter>Header Files</Filter>
    </ClInclude>
    <ClInclude Include="targetver.h">
      <Filter>Header Files</Filter>
    </ClInclude>
    <ClInclude Include="mud.h">
      <Filter>Header Files</Filter>
    </ClInclude>
    <ClInclude Include="telnet.h">
      <Filter>Header Files</Filter>
    </ClInclude>
    <ClInclude Include="utils.h">
      <Filter>Header Files</Filter>
    </ClInclude>
    <ClInclude Include="CArea.h">
      <Filter>Header Files</Filter>
    </ClInclude>
    <ClInclude Include="CCharacter.h">
      <Filter>Header Files</Filter>
    </ClInclude>
    <ClInclude Include="CClass.h">
      <Filter>Header Files</Filter>
    </ClInclude>
    <ClInclude Include="CClient.h">
      <Filter>Header Files</Filter>
    </ClInclude>
    <ClInclude Include="CCommand.h">
      <Filter>Header Files</Filter>
    </ClInclude>
    <ClInclude Include="CExit.h">
      <Filter>Header Files</Filter>
    </ClInclude>
    <ClInclude Include="CGame.h">
      <Filter>Header Files</Filter>
    </ClInclude>
    <ClInclude Include="CHelp.h">
      <Filter>Header Files</Filter>
    </ClInclude>
    <ClInclude Include="CHighResTimer.h">
      <Filter>Header Files</Filter>
    </ClInclude>
    <ClInclude Include="CItem.h">
      <Filter>Header Files</Filter>
    </ClInclude>
    <ClInclude Include="CLogFile.h">
      <Filter>Header Files</Filter>
    </ClInclude>
    <ClInclude Include="CmySQLQueue.h">
      <Filter>Header Files</Filter>
    </ClInclude>
    <ClInclude Include="CPlayer.h">
      <Filter>Header Files</Filter>
    </ClInclude>
    <ClInclude Include="CQuest.h">
      <Filter>Header Files</Filter>
    </ClInclude>
    <ClInclude Include="CReset.h">
      <Filter>Header Files</Filter>
    </ClInclude>
    <ClInclude Include="CRoom.h">
      <Filter>Header Files</Filter>
    </ClInclude>
    <ClInclude Include="CServer.h">
      <Filter>Header Files</Filter>
    </ClInclude>
    <ClInclude Include="CSkill.h">
      <Filter>Header Files</Filter>
    </ClInclude>
    <ClInclude Include="CSpellAffect.h">
      <Filter>Header Files</Filter>
    </ClInclude>
    <ClInclude Include="CTrigger.h">
      <Filter>Header Files</Filter>
    </ClInclude>
    <ClInclude Include="CUser.h">
      <Filter>Header Files</Filter>
    </ClInclude>
    <ClInclude Include="CSubscriberManager.h">
      <Filter>Header Files</Filter>
    </ClInclude>
    <ClInclude Include="CSubscriber.h">
      <Filter>Header Files</Filter>
    </ClInclude>
    <ClInclude Include="CGroup.h">
      <Filter>Header Files</Filter>
    </ClInclude>
  </ItemGroup>
  <ItemGroup>
    <ClCompile Include="stdafx.cpp">
      <Filter>Source Files</Filter>
    </ClCompile>
    <ClCompile Include="CmySQLQueue.cpp">
      <Filter>Source Files</Filter>
    </ClCompile>
    <ClCompile Include="CPlayer.cpp">
      <Filter>Source Files</Filter>
    </ClCompile>
    <ClCompile Include="CQuest.cpp">
      <Filter>Source Files</Filter>
    </ClCompile>
    <ClCompile Include="CReset.cpp">
      <Filter>Source Files</Filter>
    </ClCompile>
    <ClCompile Include="CRoom.cpp">
      <Filter>Source Files</Filter>
    </ClCompile>
    <ClCompile Include="CServer.cpp">
      <Filter>Source Files</Filter>
    </ClCompile>
    <ClCompile Include="CSkill.cpp">
      <Filter>Source Files</Filter>
    </ClCompile>
    <ClCompile Include="CSpellAffect.cpp">
      <Filter>Source Files</Filter>
    </ClCompile>
    <ClCompile Include="CTrigger.cpp">
      <Filter>Source Files</Filter>
    </ClCompile>
    <ClCompile Include="CUser.cpp">
      <Filter>Source Files</Filter>
    </ClCompile>
    <ClCompile Include="lua_binds.cpp">
      <Filter>Source Files</Filter>
    </ClCompile>
    <ClCompile Include="main.cpp">
      <Filter>Source Files</Filter>
    </ClCompile>
    <ClCompile Include="string.cpp">
      <Filter>Source Files</Filter>
    </ClCompile>
    <ClCompile Include="utils.cpp">
      <Filter>Source Files</Filter>
    </ClCompile>
    <ClCompile Include="CArea.cpp">
      <Filter>Source Files</Filter>
    </ClCompile>
    <ClCompile Include="CCharacter.cpp">
      <Filter>Source Files</Filter>
    </ClCompile>
    <ClCompile Include="CClass.cpp">
      <Filter>Source Files</Filter>
    </ClCompile>
    <ClCompile Include="CClient.cpp">
      <Filter>Source Files</Filter>
    </ClCompile>
    <ClCompile Include="CCommand.cpp">
      <Filter>Source Files</Filter>
    </ClCompile>
    <ClCompile Include="CExit.cpp">
      <Filter>Source Files</Filter>
    </ClCompile>
    <ClCompile Include="CGame.cpp">
      <Filter>Source Files</Filter>
    </ClCompile>
    <ClCompile Include="CHelp.cpp">
      <Filter>Source Files</Filter>
    </ClCompile>
    <ClCompile Include="CHighResTimer.cpp">
      <Filter>Source Files</Filter>
    </ClCompile>
    <ClCompile Include="CItem.cpp">
      <Filter>Source Files</Filter>
    </ClCompile>
    <ClCompile Include="CLogFile.cpp">
      <Filter>Source Files</Filter>
    </ClCompile>
    <ClCompile Include="cmd.cpp">
      <Filter>Source Files</Filter>
    </ClCompile>
    <ClCompile Include="cmd_comm.cpp">
      <Filter>Source Files</Filter>
    </ClCompile>
    <ClCompile Include="cmd_edit.cpp">
      <Filter>Source Files</Filter>
    </ClCompile>
    <ClCompile Include="cmd_imm.cpp">
      <Filter>Source Files</Filter>
    </ClCompile>
    <ClCompile Include="cmd_item.cpp">
      <Filter>Source Files</Filter>
    </ClCompile>
    <ClCompile Include="cmd_move.cpp">
      <Filter>Source Files</Filter>
    </ClCompile>
    <ClCompile Include="cmd_skill.cpp">
      <Filter>Source Files</Filter>
    </ClCompile>
    <ClCompile Include="cmd_track.cpp">
      <Filter>Source Files</Filter>
    </ClCompile>
    <ClCompile Include="CSubscriberManager.cpp">
      <Filter>Source Files</Filter>
    </ClCompile>
    <ClCompile Include="CGroup.cpp">
      <Filter>Source Files</Filter>
    </ClCompile>
  </ItemGroup>
  <ItemGroup>
    <None Include="lua_constants.lua">
      <Filter>Source Files</Filter>
    </None>
  </ItemGroup>
</Project>