<?xml version="1.0" encoding="utf-8"?>
<Project ToolsVersion="4.0" xmlns="http://schemas.microsoft.com/developer/msbuild/2003">
  <ItemGroup>
    <Filter Include="Source Files">
      <UniqueIdentifier>{4FC737F1-C7A5-4376-A066-2A32D752A2FF}</UniqueIdentifier>
      <Extensions>cpp;c;cc;cxx;def;odl;idl;hpj;bat;asm;asmx</Extensions>
    </Filter>
    <Filter Include="Header Files">
      <UniqueIdentifier>{93995380-89BD-4b04-88EB-625FBE52EBFB}</UniqueIdentifier>
      <Extensions>h;hh;hpp;hxx;hm;inl;inc;xsd</Extensions>
    </Filter>
    <Filter Include="Resource Files">
      <UniqueIdentifier>{67DA6AB6-F800-4c08-8B7A-83BB121AAD01}</UniqueIdentifier>
      <Extensions>rc;ico;cur;bmp;dlg;rc2;rct;bin;rgs;gif;jpg;jpeg;jpe;resx;tiff;tif;png;wav;mfcribbon-ms</Extensions>
    </Filter>
  </ItemGroup>
  <ItemGroup>
    <None Include="lua_constants.lua">
      <Filter>Source Files</Filter>
    </None>
  </ItemGroup>
  <ItemGroup>
    <ClInclude Include="src\CClass.h">
      <Filter>Header Files</Filter>
    </ClInclude>
    <ClInclude Include="src\CClient.h">
      <Filter>Header Files</Filter>
    </ClInclude>
    <ClInclude Include="src\CCommand.h">
      <Filter>Header Files</Filter>
    </ClInclude>
    <ClInclude Include="src\CExit.h">
      <Filter>Header Files</Filter>
    </ClInclude>
    <ClInclude Include="src\CGame.h">
      <Filter>Header Files</Filter>
    </ClInclude>
    <ClInclude Include="src\CGroup.h">
      <Filter>Header Files</Filter>
    </ClInclude>
    <ClInclude Include="src\CHelp.h">
      <Filter>Header Files</Filter>
    </ClInclude>
    <ClInclude Include="src\CHighResTimer.h">
      <Filter>Header Files</Filter>
    </ClInclude>
    <ClInclude Include="src\CItem.h">
      <Filter>Header Files</Filter>
    </ClInclude>
    <ClInclude Include="src\CLogFile.h">
      <Filter>Header Files</Filter>
    </ClInclude>
    <ClInclude Include="src\CmySQLQueue.h">
      <Filter>Header Files</Filter>
    </ClInclude>
    <ClInclude Include="src\CPlayer.h">
      <Filter>Header Files</Filter>
    </ClInclude>
    <ClInclude Include="src\CQuest.h">
      <Filter>Header Files</Filter>
    </ClInclude>
    <ClInclude Include="src\CReset.h">
      <Filter>Header Files</Filter>
    </ClInclude>
    <ClInclude Include="src\CRoom.h">
      <Filter>Header Files</Filter>
    </ClInclude>
    <ClInclude Include="src\CServer.h">
      <Filter>Header Files</Filter>
    </ClInclude>
    <ClInclude Include="src\CSkill.h">
      <Filter>Header Files</Filter>
    </ClInclude>
    <ClInclude Include="src\CSpellAffect.h">
      <Filter>Header Files</Filter>
    </ClInclude>
    <ClInclude Include="src\CSubscriber.h">
      <Filter>Header Files</Filter>
    </ClInclude>
    <ClInclude Include="src\CSubscriberManager.h">
      <Filter>Header Files</Filter>
    </ClInclude>
    <ClInclude Include="src\CTrigger.h">
      <Filter>Header Files</Filter>
    </ClInclude>
    <ClInclude Include="src\CUser.h">
      <Filter>Header Files</Filter>
    </ClInclude>
    <ClInclude Include="src\json.hpp">
      <Filter>Header Files</Filter>
    </ClInclude>
    <ClInclude Include="src\mud.h">
      <Filter>Header Files</Filter>
    </ClInclude>
    <ClInclude Include="src\stdafx.h">
      <Filter>Header Files</Filter>
    </ClInclude>
    <ClInclude Include="src\targetver.h">
      <Filter>Header Files</Filter>
    </ClInclude>
    <ClInclude Include="src\telnet.h">
      <Filter>Header Files</Filter>
    </ClInclude>
    <ClInclude Include="src\utils.h">
      <Filter>Header Files</Filter>
    </ClInclude>
    <ClInclude Include="src\CArea.h">
      <Filter>Header Files</Filter>
    </ClInclude>
    <ClInclude Include="src\CCharacter.h">
      <Filter>Header Files</Filter>
    </ClInclude>
    <ClInclude Include="src\CNPC.h">
      <Filter>Header Files</Filter>
    </ClInclude>
    <ClInclude Include="src\CNPCIndex.h">
      <Filter>Header Files</Filter>
    </ClInclude>
  </ItemGroup>
  <ItemGroup>
    <ClCompile Include="src\CArea.cpp">
      <Filter>Source Files</Filter>
    </ClCompile>
    <ClCompile Include="src\CCharacter.cpp">
      <Filter>Source Files</Filter>
    </ClCompile>
    <ClCompile Include="src\CClass.cpp">
      <Filter>Source Files</Filter>
    </ClCompile>
    <ClCompile Include="src\CClient.cpp">
      <Filter>Source Files</Filter>
    </ClCompile>
    <ClCompile Include="src\CCommand.cpp">
      <Filter>Source Files</Filter>
    </ClCompile>
    <ClCompile Include="src\CExit.cpp">
      <Filter>Source Files</Filter>
    </ClCompile>
    <ClCompile Include="src\CGame.cpp">
      <Filter>Source Files</Filter>
    </ClCompile>
    <ClCompile Include="src\CGroup.cpp">
      <Filter>Source Files</Filter>
    </ClCompile>
    <ClCompile Include="src\CHelp.cpp">
      <Filter>Source Files</Filter>
    </ClCompile>
    <ClCompile Include="src\CHighResTimer.cpp">
      <Filter>Source Files</Filter>
    </ClCompile>
    <ClCompile Include="src\CItem.cpp">
      <Filter>Source Files</Filter>
    </ClCompile>
    <ClCompile Include="src\CLogFile.cpp">
      <Filter>Source Files</Filter>
    </ClCompile>
    <ClCompile Include="src\cmd.cpp">
      <Filter>Source Files</Filter>
    </ClCompile>
    <ClCompile Include="src\cmd_comm.cpp">
      <Filter>Source Files</Filter>
    </ClCompile>
    <ClCompile Include="src\cmd_edit.cpp">
      <Filter>Source Files</Filter>
    </ClCompile>
    <ClCompile Include="src\cmd_imm.cpp">
      <Filter>Source Files</Filter>
    </ClCompile>
    <ClCompile Include="src\cmd_item.cpp">
      <Filter>Source Files</Filter>
    </ClCompile>
    <ClCompile Include="src\cmd_move.cpp">
      <Filter>Source Files</Filter>
    </ClCompile>
    <ClCompile Include="src\cmd_skill.cpp">
      <Filter>Source Files</Filter>
    </ClCompile>
    <ClCompile Include="src\cmd_track.cpp">
      <Filter>Source Files</Filter>
    </ClCompile>
    <ClCompile Include="src\CmySQLQueue.cpp">
      <Filter>Source Files</Filter>
    </ClCompile>
    <ClCompile Include="src\CPlayer.cpp">
      <Filter>Source Files</Filter>
    </ClCompile>
    <ClCompile Include="src\CQuest.cpp">
      <Filter>Source Files</Filter>
    </ClCompile>
    <ClCompile Include="src\CReset.cpp">
      <Filter>Source Files</Filter>
    </ClCompile>
    <ClCompile Include="src\CRoom.cpp">
      <Filter>Source Files</Filter>
    </ClCompile>
    <ClCompile Include="src\CServer.cpp">
      <Filter>Source Files</Filter>
    </ClCompile>
    <ClCompile Include="src\CSkill.cpp">
      <Filter>Source Files</Filter>
    </ClCompile>
    <ClCompile Include="src\CSpellAffect.cpp">
      <Filter>Source Files</Filter>
    </ClCompile>
    <ClCompile Include="src\CSubscriberManager.cpp">
      <Filter>Source Files</Filter>
    </ClCompile>
    <ClCompile Include="src\CTrigger.cpp">
      <Filter>Source Files</Filter>
    </ClCompile>
    <ClCompile Include="src\CUser.cpp">
      <Filter>Source Files</Filter>
    </ClCompile>
    <ClCompile Include="src\lua_binds.cpp">
      <Filter>Source Files</Filter>
    </ClCompile>
    <ClCompile Include="src\main.cpp">
      <Filter>Source Files</Filter>
    </ClCompile>
    <ClCompile Include="src\string.cpp">
      <Filter>Source Files</Filter>
    </ClCompile>
    <ClCompile Include="src\utils.cpp">
      <Filter>Source Files</Filter>
    </ClCompile>
    <ClCompile Include="src\CNPC.cpp">
      <Filter>Source Files</Filter>
    </ClCompile>
    <ClCompile Include="src\CNPCIndex.cpp">
      <Filter>Source Files</Filter>
    </ClCompile>
    <ClCompile Include="stdafx.cpp">
      <Filter>Source Files</Filter>
    </ClCompile>
  </ItemGroup>
</Project>